
Microsoft Visual Studio Solution File, Format Version 12.00
# Visual Studio Version 16
VisualStudioVersion = 16.0.29411.108
MinimumVisualStudioVersion = 10.0.40219.1
Project("{9A19103F-16F7-4668-BE54-9A1E7A4F7556}") = "StdCoreApp", "StdCoreApp\StdCoreApp.csproj", "{27AFDEED-2CA9-4773-9FEE-1ABDA692BDE8}"
EndProject
Project("{9A19103F-16F7-4668-BE54-9A1E7A4F7556}") = "StdCoreApp.Infrastruture", "StdCoreApp.Infrastruture\StdCoreApp.Infrastruture.csproj", "{106407F1-0368-417E-8C7C-0E07DD73A909}"
EndProject
Project("{9A19103F-16F7-4668-BE54-9A1E7A4F7556}") = "StdCoreApp.Utilities", "StdCoreApp.Utilities\StdCoreApp.Utilities.csproj", "{2CDC7C75-42C3-448D-99FA-7D0406B5A653}"
EndProject
Project("{9A19103F-16F7-4668-BE54-9A1E7A4F7556}") = "StdCoreApp.Data", "StdCoreApp.Data\StdCoreApp.Data.csproj", "{D7C65E3E-F98D-4C51-B5D3-B068F15ECA91}"
EndProject
Project("{9A19103F-16F7-4668-BE54-9A1E7A4F7556}") = "StdCoreApp.Data.EF", "StdCoreApp.Data.EF\StdCoreApp.Data.EF.csproj", "{12BF9A44-C6C3-44DD-9163-FB02ACDD8788}"
EndProject
Project("{9A19103F-16F7-4668-BE54-9A1E7A4F7556}") = "StdCoreApp.Application", "StdCoreApp.Application\StdCoreApp.Application.csproj", "{D63CD20E-7115-4EE9-A6A0-C44A753FBFE7}"
EndProject
Project("{2150E333-8FDC-42A3-9474-1A3956D46DE8}") = "1-Presentation", "1-Presentation", "{6479D95E-D64E-470A-97F0-72AAF8EAF45B}"
EndProject
Project("{2150E333-8FDC-42A3-9474-1A3956D46DE8}") = "2-Application", "2-Application", "{DEFC3025-6961-4F61-84F6-FB2E0B1C5C4F}"
EndProject
Project("{2150E333-8FDC-42A3-9474-1A3956D46DE8}") = "3-Domain", "3-Domain", "{7792EB9E-FF77-4A31-80FA-72A4EC9A5F53}"
EndProject
Project("{2150E333-8FDC-42A3-9474-1A3956D46DE8}") = "4-Infrastructure", "4-Infrastructure", "{EC82D86C-F2B8-4F42-9028-5969AB864BF0}"
EndProject
Project("{9A19103F-16F7-4668-BE54-9A1E7A4F7556}") = "StdCoreApp.Application.Dapper", "StdCoreApp.Application.Dapper\StdCoreApp.Application.Dapper.csproj", "{83F1C63D-8391-4AA0-B00E-9067B10F16F4}"
EndProject
Project("{FAE04EC0-301F-11D3-BF4B-00C04F79EFBC}") = "StdCoreApp.WebApi", "StdCoreApp.WebApi\StdCoreApp.WebApi.csproj", "{EF50BB89-0A66-4273-8AA6-85DE1214B45D}"
EndProject
Global
	GlobalSection(SolutionConfigurationPlatforms) = preSolution
		Debug|Any CPU = Debug|Any CPU
		Release|Any CPU = Release|Any CPU
	EndGlobalSection
	GlobalSection(ProjectConfigurationPlatforms) = postSolution
		{27AFDEED-2CA9-4773-9FEE-1ABDA692BDE8}.Debug|Any CPU.ActiveCfg = Debug|Any CPU
		{27AFDEED-2CA9-4773-9FEE-1ABDA692BDE8}.Debug|Any CPU.Build.0 = Debug|Any CPU
		{27AFDEED-2CA9-4773-9FEE-1ABDA692BDE8}.Release|Any CPU.ActiveCfg = Release|Any CPU
		{27AFDEED-2CA9-4773-9FEE-1ABDA692BDE8}.Release|Any CPU.Build.0 = Release|Any CPU
		{106407F1-0368-417E-8C7C-0E07DD73A909}.Debug|Any CPU.ActiveCfg = Debug|Any CPU
		{106407F1-0368-417E-8C7C-0E07DD73A909}.Debug|Any CPU.Build.0 = Debug|Any CPU
		{106407F1-0368-417E-8C7C-0E07DD73A909}.Release|Any CPU.ActiveCfg = Release|Any CPU
		{106407F1-0368-417E-8C7C-0E07DD73A909}.Release|Any CPU.Build.0 = Release|Any CPU
		{2CDC7C75-42C3-448D-99FA-7D0406B5A653}.Debug|Any CPU.ActiveCfg = Debug|Any CPU
		{2CDC7C75-42C3-448D-99FA-7D0406B5A653}.Debug|Any CPU.Build.0 = Debug|Any CPU
		{2CDC7C75-42C3-448D-99FA-7D0406B5A653}.Release|Any CPU.ActiveCfg = Release|Any CPU
		{2CDC7C75-42C3-448D-99FA-7D0406B5A653}.Release|Any CPU.Build.0 = Release|Any CPU
		{D7C65E3E-F98D-4C51-B5D3-B068F15ECA91}.Debug|Any CPU.ActiveCfg = Debug|Any CPU
		{D7C65E3E-F98D-4C51-B5D3-B068F15ECA91}.Debug|Any CPU.Build.0 = Debug|Any CPU
		{D7C65E3E-F98D-4C51-B5D3-B068F15ECA91}.Release|Any CPU.ActiveCfg = Release|Any CPU
		{D7C65E3E-F98D-4C51-B5D3-B068F15ECA91}.Release|Any CPU.Build.0 = Release|Any CPU
		{12BF9A44-C6C3-44DD-9163-FB02ACDD8788}.Debug|Any CPU.ActiveCfg = Debug|Any CPU
		{12BF9A44-C6C3-44DD-9163-FB02ACDD8788}.Debug|Any CPU.Build.0 = Debug|Any CPU
		{12BF9A44-C6C3-44DD-9163-FB02ACDD8788}.Release|Any CPU.ActiveCfg = Release|Any CPU
		{12BF9A44-C6C3-44DD-9163-FB02ACDD8788}.Release|Any CPU.Build.0 = Release|Any CPU
		{D63CD20E-7115-4EE9-A6A0-C44A753FBFE7}.Debug|Any CPU.ActiveCfg = Debug|Any CPU
		{D63CD20E-7115-4EE9-A6A0-C44A753FBFE7}.Debug|Any CPU.Build.0 = Debug|Any CPU
		{D63CD20E-7115-4EE9-A6A0-C44A753FBFE7}.Release|Any CPU.ActiveCfg = Release|Any CPU
		{D63CD20E-7115-4EE9-A6A0-C44A753FBFE7}.Release|Any CPU.Build.0 = Release|Any CPU
		{83F1C63D-8391-4AA0-B00E-9067B10F16F4}.Debug|Any CPU.ActiveCfg = Debug|Any CPU
		{83F1C63D-8391-4AA0-B00E-9067B10F16F4}.Debug|Any CPU.Build.0 = Debug|Any CPU
		{83F1C63D-8391-4AA0-B00E-9067B10F16F4}.Release|Any CPU.ActiveCfg = Release|Any CPU
		{83F1C63D-8391-4AA0-B00E-9067B10F16F4}.Release|Any CPU.Build.0 = Release|Any CPU
		{EF50BB89-0A66-4273-8AA6-85DE1214B45D}.Debug|Any CPU.ActiveCfg = Debug|Any CPU
		{EF50BB89-0A66-4273-8AA6-85DE1214B45D}.Debug|Any CPU.Build.0 = Debug|Any CPU
		{EF50BB89-0A66-4273-8AA6-85DE1214B45D}.Release|Any CPU.ActiveCfg = Release|Any CPU
		{EF50BB89-0A66-4273-8AA6-85DE1214B45D}.Release|Any CPU.Build.0 = Release|Any CPU
	EndGlobalSection
	GlobalSection(SolutionProperties) = preSolution
		HideSolutionNode = FALSE
	EndGlobalSection
	GlobalSection(NestedProjects) = preSolution
		{27AFDEED-2CA9-4773-9FEE-1ABDA692BDE8} = {6479D95E-D64E-470A-97F0-72AAF8EAF45B}
		{106407F1-0368-417E-8C7C-0E07DD73A909} = {EC82D86C-F2B8-4F42-9028-5969AB864BF0}
		{2CDC7C75-42C3-448D-99FA-7D0406B5A653} = {EC82D86C-F2B8-4F42-9028-5969AB864BF0}
		{D7C65E3E-F98D-4C51-B5D3-B068F15ECA91} = {7792EB9E-FF77-4A31-80FA-72A4EC9A5F53}
		{12BF9A44-C6C3-44DD-9163-FB02ACDD8788} = {7792EB9E-FF77-4A31-80FA-72A4EC9A5F53}
		{D63CD20E-7115-4EE9-A6A0-C44A753FBFE7} = {DEFC3025-6961-4F61-84F6-FB2E0B1C5C4F}
		{83F1C63D-8391-4AA0-B00E-9067B10F16F4} = {DEFC3025-6961-4F61-84F6-FB2E0B1C5C4F}
		{EF50BB89-0A66-4273-8AA6-85DE1214B45D} = {6479D95E-D64E-470A-97F0-72AAF8EAF45B}
	EndGlobalSection
	GlobalSection(ExtensibilityGlobals) = postSolution
		SolutionGuid = {4188F51A-337E-4783-B773-B5135354197E}
	EndGlobalSection
EndGlobal
